// !$*UTF8*$!
{
	archiveVersion = 1;
	classes = {
	};
	objectVersion = 48;
	objects = {

/* Begin PBXBuildFile section */
		0910E8E9A60E3BEF6D74CB43 /* Pods_WimmeUITests.framework in Frameworks */ = {isa = PBXBuildFile; fileRef = D6F924CC5BA552223C350E4C /* Pods_WimmeUITests.framework */; };
		184CC775540628A8C4D5A681 /* Pods_Wimme.framework in Frameworks */ = {isa = PBXBuildFile; fileRef = A158D593C768B746C8C40EE7 /* Pods_Wimme.framework */; };
		551712D21FB7094F001E99D3 /* GoogleService-Info.plist in Resources */ = {isa = PBXBuildFile; fileRef = 551712D11FB7094E001E99D3 /* GoogleService-Info.plist */; };
		55DAE8681FB714D00084DA7C /* RegisterDbInput.swift in Sources */ = {isa = PBXBuildFile; fileRef = 55DAE8671FB714D00084DA7C /* RegisterDbInput.swift */; };
		9A9F6544C002BA401CBB2757 /* Pods_WimmeTests.framework in Frameworks */ = {isa = PBXBuildFile; fileRef = 64AABCF22955D848EA1FBAF4 /* Pods_WimmeTests.framework */; };
		B8975D2F1FB6F70300FC25E6 /* AppDelegate.swift in Sources */ = {isa = PBXBuildFile; fileRef = B8975D2E1FB6F70300FC25E6 /* AppDelegate.swift */; };
		B8975D311FB6F70300FC25E6 /* ViewController.swift in Sources */ = {isa = PBXBuildFile; fileRef = B8975D301FB6F70300FC25E6 /* ViewController.swift */; };
		B8975D361FB6F70300FC25E6 /* Assets.xcassets in Resources */ = {isa = PBXBuildFile; fileRef = B8975D351FB6F70300FC25E6 /* Assets.xcassets */; };
		B8975D391FB6F70300FC25E6 /* LaunchScreen.storyboard in Resources */ = {isa = PBXBuildFile; fileRef = B8975D371FB6F70300FC25E6 /* LaunchScreen.storyboard */; };
		B8975D441FB6F70300FC25E6 /* WimmeTests.swift in Sources */ = {isa = PBXBuildFile; fileRef = B8975D431FB6F70300FC25E6 /* WimmeTests.swift */; };
		B8975D4F1FB6F70300FC25E6 /* WimmeUITests.swift in Sources */ = {isa = PBXBuildFile; fileRef = B8975D4E1FB6F70300FC25E6 /* WimmeUITests.swift */; };
		E237E90A1FB76BCD00E87E85 /* SettingsNC.swift in Sources */ = {isa = PBXBuildFile; fileRef = E237E9091FB76BCD00E87E85 /* SettingsNC.swift */; };
		E237E90C1FB76BEC00E87E85 /* AddEventNC.swift in Sources */ = {isa = PBXBuildFile; fileRef = E237E90B1FB76BEC00E87E85 /* AddEventNC.swift */; };
		E237E90E1FB76C0600E87E85 /* MainScreenNC.swift in Sources */ = {isa = PBXBuildFile; fileRef = E237E90D1FB76C0600E87E85 /* MainScreenNC.swift */; };
		E237E9101FB76C3500E87E85 /* ProfileNC.swift in Sources */ = {isa = PBXBuildFile; fileRef = E237E90F1FB76C3500E87E85 /* ProfileNC.swift */; };
		E237E9121FB76C8100E87E85 /* SearchEventNC.swift in Sources */ = {isa = PBXBuildFile; fileRef = E237E9111FB76C8100E87E85 /* SearchEventNC.swift */; };
		E2CD783E1FB75BA20002BB78 /* LoginScreen.swift in Sources */ = {isa = PBXBuildFile; fileRef = E2CD78371FB75BA10002BB78 /* LoginScreen.swift */; };
		E2CD783F1FB75BA20002BB78 /* AddEventVC.swift in Sources */ = {isa = PBXBuildFile; fileRef = E2CD78381FB75BA10002BB78 /* AddEventVC.swift */; };
		E2CD78401FB75BA20002BB78 /* SearchEventVC.swift in Sources */ = {isa = PBXBuildFile; fileRef = E2CD78391FB75BA10002BB78 /* SearchEventVC.swift */; };
		E2CD78411FB75BA20002BB78 /* RegisterVC.swift in Sources */ = {isa = PBXBuildFile; fileRef = E2CD783A1FB75BA20002BB78 /* RegisterVC.swift */; };
		E2CD78421FB75BA20002BB78 /* MainScreenVC.swift in Sources */ = {isa = PBXBuildFile; fileRef = E2CD783B1FB75BA20002BB78 /* MainScreenVC.swift */; };
		E2CD78431FB75BA20002BB78 /* ProfileScreenVC.swift in Sources */ = {isa = PBXBuildFile; fileRef = E2CD783C1FB75BA20002BB78 /* ProfileScreenVC.swift */; };
		E2CD78441FB75BA20002BB78 /* SettingsVC.swift in Sources */ = {isa = PBXBuildFile; fileRef = E2CD783D1FB75BA20002BB78 /* SettingsVC.swift */; };
		E2CD78461FB75BC90002BB78 /* Main.storyboard in Resources */ = {isa = PBXBuildFile; fileRef = E2CD78451FB75BC90002BB78 /* Main.storyboard */; };
		E2CD78491FB75C1C0002BB78 /* TabBarView.swift in Sources */ = {isa = PBXBuildFile; fileRef = E2CD78481FB75C1C0002BB78 /* TabBarView.swift */; };
/* End PBXBuildFile section */

/* Begin PBXContainerItemProxy section */
		B8975D401FB6F70300FC25E6 /* PBXContainerItemProxy */ = {
			isa = PBXContainerItemProxy;
			containerPortal = B8975D231FB6F70200FC25E6 /* Project object */;
			proxyType = 1;
			remoteGlobalIDString = B8975D2A1FB6F70300FC25E6;
			remoteInfo = Wimme;
		};
		B8975D4B1FB6F70300FC25E6 /* PBXContainerItemProxy */ = {
			isa = PBXContainerItemProxy;
			containerPortal = B8975D231FB6F70200FC25E6 /* Project object */;
			proxyType = 1;
			remoteGlobalIDString = B8975D2A1FB6F70300FC25E6;
			remoteInfo = Wimme;
		};
/* End PBXContainerItemProxy section */

/* Begin PBXFileReference section */
		03C452058C9155535B5A3537 /* Pods-WimmeUITests.release.xcconfig */ = {isa = PBXFileReference; includeInIndex = 1; lastKnownFileType = text.xcconfig; name = "Pods-WimmeUITests.release.xcconfig"; path = "Pods/Target Support Files/Pods-WimmeUITests/Pods-WimmeUITests.release.xcconfig"; sourceTree = "<group>"; };
		0E03D16110744BC1A45026D4 /* Pods-Wimme.release.xcconfig */ = {isa = PBXFileReference; includeInIndex = 1; lastKnownFileType = text.xcconfig; name = "Pods-Wimme.release.xcconfig"; path = "Pods/Target Support Files/Pods-Wimme/Pods-Wimme.release.xcconfig"; sourceTree = "<group>"; };
		41FCFEDE7652F2B7F0584A87 /* Pods-Wimme.debug.xcconfig */ = {isa = PBXFileReference; includeInIndex = 1; lastKnownFileType = text.xcconfig; name = "Pods-Wimme.debug.xcconfig"; path = "Pods/Target Support Files/Pods-Wimme/Pods-Wimme.debug.xcconfig"; sourceTree = "<group>"; };
		47CB30C25CD022C76E126376 /* Pods-WimmeUITests.debug.xcconfig */ = {isa = PBXFileReference; includeInIndex = 1; lastKnownFileType = text.xcconfig; name = "Pods-WimmeUITests.debug.xcconfig"; path = "Pods/Target Support Files/Pods-WimmeUITests/Pods-WimmeUITests.debug.xcconfig"; sourceTree = "<group>"; };
		551712D11FB7094E001E99D3 /* GoogleService-Info.plist */ = {isa = PBXFileReference; fileEncoding = 4; lastKnownFileType = text.plist.xml; path = "GoogleService-Info.plist"; sourceTree = "<group>"; };
		55DAE8671FB714D00084DA7C /* RegisterDbInput.swift */ = {isa = PBXFileReference; fileEncoding = 4; lastKnownFileType = sourcecode.swift; path = RegisterDbInput.swift; sourceTree = "<group>"; };
		64AABCF22955D848EA1FBAF4 /* Pods_WimmeTests.framework */ = {isa = PBXFileReference; explicitFileType = wrapper.framework; includeInIndex = 0; path = Pods_WimmeTests.framework; sourceTree = BUILT_PRODUCTS_DIR; };
		A158D593C768B746C8C40EE7 /* Pods_Wimme.framework */ = {isa = PBXFileReference; explicitFileType = wrapper.framework; includeInIndex = 0; path = Pods_Wimme.framework; sourceTree = BUILT_PRODUCTS_DIR; };
		B11A45E0EE7666498B5D12F1 /* Pods-WimmeTests.debug.xcconfig */ = {isa = PBXFileReference; includeInIndex = 1; lastKnownFileType = text.xcconfig; name = "Pods-WimmeTests.debug.xcconfig"; path = "Pods/Target Support Files/Pods-WimmeTests/Pods-WimmeTests.debug.xcconfig"; sourceTree = "<group>"; };
		B8975D2B1FB6F70300FC25E6 /* Wimme.app */ = {isa = PBXFileReference; explicitFileType = wrapper.application; includeInIndex = 0; path = Wimme.app; sourceTree = BUILT_PRODUCTS_DIR; };
		B8975D2E1FB6F70300FC25E6 /* AppDelegate.swift */ = {isa = PBXFileReference; lastKnownFileType = sourcecode.swift; path = AppDelegate.swift; sourceTree = "<group>"; };
		B8975D301FB6F70300FC25E6 /* ViewController.swift */ = {isa = PBXFileReference; lastKnownFileType = sourcecode.swift; path = ViewController.swift; sourceTree = "<group>"; };
		B8975D351FB6F70300FC25E6 /* Assets.xcassets */ = {isa = PBXFileReference; lastKnownFileType = folder.assetcatalog; path = Assets.xcassets; sourceTree = "<group>"; };
		B8975D381FB6F70300FC25E6 /* Base */ = {isa = PBXFileReference; lastKnownFileType = file.storyboard; name = Base; path = Base.lproj/LaunchScreen.storyboard; sourceTree = "<group>"; };
		B8975D3A1FB6F70300FC25E6 /* Info.plist */ = {isa = PBXFileReference; lastKnownFileType = text.plist.xml; path = Info.plist; sourceTree = "<group>"; };
		B8975D3F1FB6F70300FC25E6 /* WimmeTests.xctest */ = {isa = PBXFileReference; explicitFileType = wrapper.cfbundle; includeInIndex = 0; path = WimmeTests.xctest; sourceTree = BUILT_PRODUCTS_DIR; };
		B8975D431FB6F70300FC25E6 /* WimmeTests.swift */ = {isa = PBXFileReference; lastKnownFileType = sourcecode.swift; path = WimmeTests.swift; sourceTree = "<group>"; };
		B8975D451FB6F70300FC25E6 /* Info.plist */ = {isa = PBXFileReference; lastKnownFileType = text.plist.xml; path = Info.plist; sourceTree = "<group>"; };
		B8975D4A1FB6F70300FC25E6 /* WimmeUITests.xctest */ = {isa = PBXFileReference; explicitFileType = wrapper.cfbundle; includeInIndex = 0; path = WimmeUITests.xctest; sourceTree = BUILT_PRODUCTS_DIR; };
		B8975D4E1FB6F70300FC25E6 /* WimmeUITests.swift */ = {isa = PBXFileReference; lastKnownFileType = sourcecode.swift; path = WimmeUITests.swift; sourceTree = "<group>"; };
		B8975D501FB6F70300FC25E6 /* Info.plist */ = {isa = PBXFileReference; lastKnownFileType = text.plist.xml; path = Info.plist; sourceTree = "<group>"; };
		D6F924CC5BA552223C350E4C /* Pods_WimmeUITests.framework */ = {isa = PBXFileReference; explicitFileType = wrapper.framework; includeInIndex = 0; path = Pods_WimmeUITests.framework; sourceTree = BUILT_PRODUCTS_DIR; };
		E237E9091FB76BCD00E87E85 /* SettingsNC.swift */ = {isa = PBXFileReference; lastKnownFileType = sourcecode.swift; path = SettingsNC.swift; sourceTree = "<group>"; };
		E237E90B1FB76BEC00E87E85 /* AddEventNC.swift */ = {isa = PBXFileReference; lastKnownFileType = sourcecode.swift; path = AddEventNC.swift; sourceTree = "<group>"; };
		E237E90D1FB76C0600E87E85 /* MainScreenNC.swift */ = {isa = PBXFileReference; lastKnownFileType = sourcecode.swift; path = MainScreenNC.swift; sourceTree = "<group>"; };
		E237E90F1FB76C3500E87E85 /* ProfileNC.swift */ = {isa = PBXFileReference; lastKnownFileType = sourcecode.swift; path = ProfileNC.swift; sourceTree = "<group>"; };
		E237E9111FB76C8100E87E85 /* SearchEventNC.swift */ = {isa = PBXFileReference; lastKnownFileType = sourcecode.swift; path = SearchEventNC.swift; sourceTree = "<group>"; };
		E2CD78371FB75BA10002BB78 /* LoginScreen.swift */ = {isa = PBXFileReference; fileEncoding = 4; lastKnownFileType = sourcecode.swift; path = LoginScreen.swift; sourceTree = "<group>"; };
		E2CD78381FB75BA10002BB78 /* AddEventVC.swift */ = {isa = PBXFileReference; fileEncoding = 4; lastKnownFileType = sourcecode.swift; path = AddEventVC.swift; sourceTree = "<group>"; };
		E2CD78391FB75BA10002BB78 /* SearchEventVC.swift */ = {isa = PBXFileReference; fileEncoding = 4; lastKnownFileType = sourcecode.swift; path = SearchEventVC.swift; sourceTree = "<group>"; };
		E2CD783A1FB75BA20002BB78 /* RegisterVC.swift */ = {isa = PBXFileReference; fileEncoding = 4; lastKnownFileType = sourcecode.swift; path = RegisterVC.swift; sourceTree = "<group>"; };
		E2CD783B1FB75BA20002BB78 /* MainScreenVC.swift */ = {isa = PBXFileReference; fileEncoding = 4; lastKnownFileType = sourcecode.swift; path = MainScreenVC.swift; sourceTree = "<group>"; };
		E2CD783C1FB75BA20002BB78 /* ProfileScreenVC.swift */ = {isa = PBXFileReference; fileEncoding = 4; lastKnownFileType = sourcecode.swift; path = ProfileScreenVC.swift; sourceTree = "<group>"; };
		E2CD783D1FB75BA20002BB78 /* SettingsVC.swift */ = {isa = PBXFileReference; fileEncoding = 4; lastKnownFileType = sourcecode.swift; path = SettingsVC.swift; sourceTree = "<group>"; };
		E2CD78451FB75BC90002BB78 /* Main.storyboard */ = {isa = PBXFileReference; fileEncoding = 4; lastKnownFileType = file.storyboard; path = Main.storyboard; sourceTree = "<group>"; };
		E2CD78481FB75C1C0002BB78 /* TabBarView.swift */ = {isa = PBXFileReference; fileEncoding = 4; lastKnownFileType = sourcecode.swift; path = TabBarView.swift; sourceTree = "<group>"; };
		E87237D80259645A0542D0DA /* Pods-WimmeTests.release.xcconfig */ = {isa = PBXFileReference; includeInIndex = 1; lastKnownFileType = text.xcconfig; name = "Pods-WimmeTests.release.xcconfig"; path = "Pods/Target Support Files/Pods-WimmeTests/Pods-WimmeTests.release.xcconfig"; sourceTree = "<group>"; };
/* End PBXFileReference section */

/* Begin PBXFrameworksBuildPhase section */
		B8975D281FB6F70300FC25E6 /* Frameworks */ = {
			isa = PBXFrameworksBuildPhase;
			buildActionMask = 2147483647;
			files = (
				184CC775540628A8C4D5A681 /* Pods_Wimme.framework in Frameworks */,
			);
			runOnlyForDeploymentPostprocessing = 0;
		};
		B8975D3C1FB6F70300FC25E6 /* Frameworks */ = {
			isa = PBXFrameworksBuildPhase;
			buildActionMask = 2147483647;
			files = (
				9A9F6544C002BA401CBB2757 /* Pods_WimmeTests.framework in Frameworks */,
			);
			runOnlyForDeploymentPostprocessing = 0;
		};
		B8975D471FB6F70300FC25E6 /* Frameworks */ = {
			isa = PBXFrameworksBuildPhase;
			buildActionMask = 2147483647;
			files = (
				0910E8E9A60E3BEF6D74CB43 /* Pods_WimmeUITests.framework in Frameworks */,
			);
			runOnlyForDeploymentPostprocessing = 0;
		};
/* End PBXFrameworksBuildPhase section */

/* Begin PBXGroup section */
		93E73588E3D3339F8160236C /* Frameworks */ = {
			isa = PBXGroup;
			children = (
				A158D593C768B746C8C40EE7 /* Pods_Wimme.framework */,
				64AABCF22955D848EA1FBAF4 /* Pods_WimmeTests.framework */,
				D6F924CC5BA552223C350E4C /* Pods_WimmeUITests.framework */,
			);
			name = Frameworks;
			sourceTree = "<group>";
		};
		B8975D221FB6F70200FC25E6 = {
			isa = PBXGroup;
			children = (
				B8975D2D1FB6F70300FC25E6 /* Wimme */,
				B8975D421FB6F70300FC25E6 /* WimmeTests */,
				B8975D4D1FB6F70300FC25E6 /* WimmeUITests */,
				B8975D2C1FB6F70300FC25E6 /* Products */,
				F4AB2E4B331A6FC23E85E4BD /* Pods */,
				93E73588E3D3339F8160236C /* Frameworks */,
			);
			sourceTree = "<group>";
		};
		B8975D2C1FB6F70300FC25E6 /* Products */ = {
			isa = PBXGroup;
			children = (
				B8975D2B1FB6F70300FC25E6 /* Wimme.app */,
				B8975D3F1FB6F70300FC25E6 /* WimmeTests.xctest */,
				B8975D4A1FB6F70300FC25E6 /* WimmeUITests.xctest */,
			);
			name = Products;
			sourceTree = "<group>";
		};
		B8975D2D1FB6F70300FC25E6 /* Wimme */ = {
			isa = PBXGroup;
			children = (
				E237E9081FB76B3000E87E85 /* Navigation Controllers */,
				E2CD78471FB75C080002BB78 /* TabBarMenu */,
				E2CD78361FB75B7B0002BB78 /* ViewController */,
				B8975D2E1FB6F70300FC25E6 /* AppDelegate.swift */,
				B8975D301FB6F70300FC25E6 /* ViewController.swift */,
				E2CD78451FB75BC90002BB78 /* Main.storyboard */,
				B8975D351FB6F70300FC25E6 /* Assets.xcassets */,
				B8975D371FB6F70300FC25E6 /* LaunchScreen.storyboard */,
				B8975D3A1FB6F70300FC25E6 /* Info.plist */,
				551712D11FB7094E001E99D3 /* GoogleService-Info.plist */,
				55DAE8671FB714D00084DA7C /* RegisterDbInput.swift */,
			);
			path = Wimme;
			sourceTree = "<group>";
		};
		B8975D421FB6F70300FC25E6 /* WimmeTests */ = {
			isa = PBXGroup;
			children = (
				B8975D431FB6F70300FC25E6 /* WimmeTests.swift */,
				B8975D451FB6F70300FC25E6 /* Info.plist */,
			);
			path = WimmeTests;
			sourceTree = "<group>";
		};
		B8975D4D1FB6F70300FC25E6 /* WimmeUITests */ = {
			isa = PBXGroup;
			children = (
				B8975D4E1FB6F70300FC25E6 /* WimmeUITests.swift */,
				B8975D501FB6F70300FC25E6 /* Info.plist */,
			);
			path = WimmeUITests;
			sourceTree = "<group>";
		};
		E237E9081FB76B3000E87E85 /* Navigation Controllers */ = {
			isa = PBXGroup;
			children = (
				E237E9091FB76BCD00E87E85 /* SettingsNC.swift */,
				E237E90B1FB76BEC00E87E85 /* AddEventNC.swift */,
				E237E90D1FB76C0600E87E85 /* MainScreenNC.swift */,
				E237E90F1FB76C3500E87E85 /* ProfileNC.swift */,
				E237E9111FB76C8100E87E85 /* SearchEventNC.swift */,
			);
			path = "Navigation Controllers";
			sourceTree = "<group>";
		};
		E2CD78361FB75B7B0002BB78 /* ViewController */ = {
			isa = PBXGroup;
			children = (
				E2CD78381FB75BA10002BB78 /* AddEventVC.swift */,
				E2CD78371FB75BA10002BB78 /* LoginScreen.swift */,
				E2CD783B1FB75BA20002BB78 /* MainScreenVC.swift */,
				E2CD783C1FB75BA20002BB78 /* ProfileScreenVC.swift */,
				E2CD783A1FB75BA20002BB78 /* RegisterVC.swift */,
				E2CD78391FB75BA10002BB78 /* SearchEventVC.swift */,
				E2CD783D1FB75BA20002BB78 /* SettingsVC.swift */,
			);
			path = ViewController;
			sourceTree = "<group>";
		};
		E2CD78471FB75C080002BB78 /* TabBarMenu */ = {
			isa = PBXGroup;
			children = (
				E2CD78481FB75C1C0002BB78 /* TabBarView.swift */,
			);
			path = TabBarMenu;
			sourceTree = "<group>";
		};
		F4AB2E4B331A6FC23E85E4BD /* Pods */ = {
			isa = PBXGroup;
			children = (
				41FCFEDE7652F2B7F0584A87 /* Pods-Wimme.debug.xcconfig */,
				0E03D16110744BC1A45026D4 /* Pods-Wimme.release.xcconfig */,
				B11A45E0EE7666498B5D12F1 /* Pods-WimmeTests.debug.xcconfig */,
				E87237D80259645A0542D0DA /* Pods-WimmeTests.release.xcconfig */,
				47CB30C25CD022C76E126376 /* Pods-WimmeUITests.debug.xcconfig */,
				03C452058C9155535B5A3537 /* Pods-WimmeUITests.release.xcconfig */,
			);
			name = Pods;
			sourceTree = "<group>";
		};
/* End PBXGroup section */

/* Begin PBXNativeTarget section */
		B8975D2A1FB6F70300FC25E6 /* Wimme */ = {
			isa = PBXNativeTarget;
			buildConfigurationList = B8975D531FB6F70300FC25E6 /* Build configuration list for PBXNativeTarget "Wimme" */;
			buildPhases = (
				1A62578D540EC06DBA2D70F8 /* [CP] Check Pods Manifest.lock */,
				B8975D271FB6F70300FC25E6 /* Sources */,
				B8975D281FB6F70300FC25E6 /* Frameworks */,
				B8975D291FB6F70300FC25E6 /* Resources */,
				0C1A00D9D64CEEF08C8AD0D5 /* [CP] Embed Pods Frameworks */,
				3B015DC6C61E81AD96875451 /* [CP] Copy Pods Resources */,
			);
			buildRules = (
			);
			dependencies = (
			);
			name = Wimme;
			productName = Wimme;
			productReference = B8975D2B1FB6F70300FC25E6 /* Wimme.app */;
			productType = "com.apple.product-type.application";
		};
		B8975D3E1FB6F70300FC25E6 /* WimmeTests */ = {
			isa = PBXNativeTarget;
			buildConfigurationList = B8975D561FB6F70300FC25E6 /* Build configuration list for PBXNativeTarget "WimmeTests" */;
			buildPhases = (
				CBC2DDA5621F9D18CAB90767 /* [CP] Check Pods Manifest.lock */,
				B8975D3B1FB6F70300FC25E6 /* Sources */,
				B8975D3C1FB6F70300FC25E6 /* Frameworks */,
				B8975D3D1FB6F70300FC25E6 /* Resources */,
				9B997C9CC745270782D2CBF6 /* [CP] Embed Pods Frameworks */,
				DC292FA928DBCF854A12A35E /* [CP] Copy Pods Resources */,
			);
			buildRules = (
			);
			dependencies = (
				B8975D411FB6F70300FC25E6 /* PBXTargetDependency */,
			);
			name = WimmeTests;
			productName = WimmeTests;
			productReference = B8975D3F1FB6F70300FC25E6 /* WimmeTests.xctest */;
			productType = "com.apple.product-type.bundle.unit-test";
		};
		B8975D491FB6F70300FC25E6 /* WimmeUITests */ = {
			isa = PBXNativeTarget;
			buildConfigurationList = B8975D591FB6F70300FC25E6 /* Build configuration list for PBXNativeTarget "WimmeUITests" */;
			buildPhases = (
				A0BEF859C049D2118335BBAB /* [CP] Check Pods Manifest.lock */,
				B8975D461FB6F70300FC25E6 /* Sources */,
				B8975D471FB6F70300FC25E6 /* Frameworks */,
				B8975D481FB6F70300FC25E6 /* Resources */,
				345184DBBF1B978863E2712E /* [CP] Embed Pods Frameworks */,
				3C706D55FEF61A7211C68997 /* [CP] Copy Pods Resources */,
			);
			buildRules = (
			);
			dependencies = (
				B8975D4C1FB6F70300FC25E6 /* PBXTargetDependency */,
			);
			name = WimmeUITests;
			productName = WimmeUITests;
			productReference = B8975D4A1FB6F70300FC25E6 /* WimmeUITests.xctest */;
			productType = "com.apple.product-type.bundle.ui-testing";
		};
/* End PBXNativeTarget section */

/* Begin PBXProject section */
		B8975D231FB6F70200FC25E6 /* Project object */ = {
			isa = PBXProject;
			attributes = {
				LastSwiftUpdateCheck = 0910;
				LastUpgradeCheck = 0910;
				ORGANIZATIONNAME = DudEski;
				TargetAttributes = {
					B8975D2A1FB6F70300FC25E6 = {
						CreatedOnToolsVersion = 9.1;
						ProvisioningStyle = Automatic;
					};
					B8975D3E1FB6F70300FC25E6 = {
						CreatedOnToolsVersion = 9.1;
						ProvisioningStyle = Automatic;
						TestTargetID = B8975D2A1FB6F70300FC25E6;
					};
					B8975D491FB6F70300FC25E6 = {
						CreatedOnToolsVersion = 9.1;
						ProvisioningStyle = Automatic;
						TestTargetID = B8975D2A1FB6F70300FC25E6;
					};
				};
			};
			buildConfigurationList = B8975D261FB6F70200FC25E6 /* Build configuration list for PBXProject "Wimme" */;
			compatibilityVersion = "Xcode 8.0";
			developmentRegion = en;
			hasScannedForEncodings = 0;
			knownRegions = (
				en,
				Base,
			);
			mainGroup = B8975D221FB6F70200FC25E6;
			productRefGroup = B8975D2C1FB6F70300FC25E6 /* Products */;
			projectDirPath = "";
			projectRoot = "";
			targets = (
				B8975D2A1FB6F70300FC25E6 /* Wimme */,
				B8975D3E1FB6F70300FC25E6 /* WimmeTests */,
				B8975D491FB6F70300FC25E6 /* WimmeUITests */,
			);
		};
/* End PBXProject section */

/* Begin PBXResourcesBuildPhase section */
		B8975D291FB6F70300FC25E6 /* Resources */ = {
			isa = PBXResourcesBuildPhase;
			buildActionMask = 2147483647;
			files = (
				B8975D391FB6F70300FC25E6 /* LaunchScreen.storyboard in Resources */,
				551712D21FB7094F001E99D3 /* GoogleService-Info.plist in Resources */,
				B8975D361FB6F70300FC25E6 /* Assets.xcassets in Resources */,
				E2CD78461FB75BC90002BB78 /* Main.storyboard in Resources */,
			);
			runOnlyForDeploymentPostprocessing = 0;
		};
		B8975D3D1FB6F70300FC25E6 /* Resources */ = {
			isa = PBXResourcesBuildPhase;
			buildActionMask = 2147483647;
			files = (
			);
			runOnlyForDeploymentPostprocessing = 0;
		};
		B8975D481FB6F70300FC25E6 /* Resources */ = {
			isa = PBXResourcesBuildPhase;
			buildActionMask = 2147483647;
			files = (
			);
			runOnlyForDeploymentPostprocessing = 0;
		};
/* End PBXResourcesBuildPhase section */

/* Begin PBXShellScriptBuildPhase section */
		0C1A00D9D64CEEF08C8AD0D5 /* [CP] Embed Pods Frameworks */ = {
			isa = PBXShellScriptBuildPhase;
			buildActionMask = 2147483647;
			files = (
			);
			inputPaths = (
				"${SRCROOT}/Pods/Target Support Files/Pods-Wimme/Pods-Wimme-frameworks.sh",
				"${BUILT_PRODUCTS_DIR}/GoogleToolboxForMac/GoogleToolboxForMac.framework",
				"${BUILT_PRODUCTS_DIR}/leveldb-library/leveldb.framework",
				"${BUILT_PRODUCTS_DIR}/nanopb/nanopb.framework",
			);
			name = "[CP] Embed Pods Frameworks";
			outputPaths = (
				"${TARGET_BUILD_DIR}/${FRAMEWORKS_FOLDER_PATH}/GoogleToolboxForMac.framework",
				"${TARGET_BUILD_DIR}/${FRAMEWORKS_FOLDER_PATH}/leveldb.framework",
				"${TARGET_BUILD_DIR}/${FRAMEWORKS_FOLDER_PATH}/nanopb.framework",
			);
			runOnlyForDeploymentPostprocessing = 0;
			shellPath = /bin/sh;
			shellScript = "\"${SRCROOT}/Pods/Target Support Files/Pods-Wimme/Pods-Wimme-frameworks.sh\"\n";
			showEnvVarsInLog = 0;
		};
		1A62578D540EC06DBA2D70F8 /* [CP] Check Pods Manifest.lock */ = {
			isa = PBXShellScriptBuildPhase;
			buildActionMask = 2147483647;
			files = (
			);
			inputPaths = (
				"${PODS_PODFILE_DIR_PATH}/Podfile.lock",
				"${PODS_ROOT}/Manifest.lock",
			);
			name = "[CP] Check Pods Manifest.lock";
			outputPaths = (
				"$(DERIVED_FILE_DIR)/Pods-Wimme-checkManifestLockResult.txt",
			);
			runOnlyForDeploymentPostprocessing = 0;
			shellPath = /bin/sh;
			shellScript = "diff \"${PODS_PODFILE_DIR_PATH}/Podfile.lock\" \"${PODS_ROOT}/Manifest.lock\" > /dev/null\nif [ $? != 0 ] ; then\n    # print error to STDERR\n    echo \"error: The sandbox is not in sync with the Podfile.lock. Run 'pod install' or update your CocoaPods installation.\" >&2\n    exit 1\nfi\n# This output is used by Xcode 'outputs' to avoid re-running this script phase.\necho \"SUCCESS\" > \"${SCRIPT_OUTPUT_FILE_0}\"\n";
			showEnvVarsInLog = 0;
		};
		345184DBBF1B978863E2712E /* [CP] Embed Pods Frameworks */ = {
			isa = PBXShellScriptBuildPhase;
			buildActionMask = 2147483647;
			files = (
			);
			inputPaths = (
			);
			name = "[CP] Embed Pods Frameworks";
			outputPaths = (
			);
			runOnlyForDeploymentPostprocessing = 0;
			shellPath = /bin/sh;
			shellScript = "\"${SRCROOT}/Pods/Target Support Files/Pods-WimmeUITests/Pods-WimmeUITests-frameworks.sh\"\n";
			showEnvVarsInLog = 0;
		};
		3B015DC6C61E81AD96875451 /* [CP] Copy Pods Resources */ = {
			isa = PBXShellScriptBuildPhase;
			buildActionMask = 2147483647;
			files = (
			);
			inputPaths = (
			);
			name = "[CP] Copy Pods Resources";
			outputPaths = (
			);
			runOnlyForDeploymentPostprocessing = 0;
			shellPath = /bin/sh;
			shellScript = "\"${SRCROOT}/Pods/Target Support Files/Pods-Wimme/Pods-Wimme-resources.sh\"\n";
			showEnvVarsInLog = 0;
		};
		3C706D55FEF61A7211C68997 /* [CP] Copy Pods Resources */ = {
			isa = PBXShellScriptBuildPhase;
			buildActionMask = 2147483647;
			files = (
			);
			inputPaths = (
			);
			name = "[CP] Copy Pods Resources";
			outputPaths = (
			);
			runOnlyForDeploymentPostprocessing = 0;
			shellPath = /bin/sh;
			shellScript = "\"${SRCROOT}/Pods/Target Support Files/Pods-WimmeUITests/Pods-WimmeUITests-resources.sh\"\n";
			showEnvVarsInLog = 0;
		};
		9B997C9CC745270782D2CBF6 /* [CP] Embed Pods Frameworks */ = {
			isa = PBXShellScriptBuildPhase;
			buildActionMask = 2147483647;
			files = (
			);
			inputPaths = (
			);
			name = "[CP] Embed Pods Frameworks";
			outputPaths = (
			);
			runOnlyForDeploymentPostprocessing = 0;
			shellPath = /bin/sh;
			shellScript = "\"${SRCROOT}/Pods/Target Support Files/Pods-WimmeTests/Pods-WimmeTests-frameworks.sh\"\n";
			showEnvVarsInLog = 0;
		};
		A0BEF859C049D2118335BBAB /* [CP] Check Pods Manifest.lock */ = {
			isa = PBXShellScriptBuildPhase;
			buildActionMask = 2147483647;
			files = (
			);
			inputPaths = (
				"${PODS_PODFILE_DIR_PATH}/Podfile.lock",
				"${PODS_ROOT}/Manifest.lock",
			);
			name = "[CP] Check Pods Manifest.lock";
			outputPaths = (
				"$(DERIVED_FILE_DIR)/Pods-WimmeUITests-checkManifestLockResult.txt",
			);
			runOnlyForDeploymentPostprocessing = 0;
			shellPath = /bin/sh;
			shellScript = "diff \"${PODS_PODFILE_DIR_PATH}/Podfile.lock\" \"${PODS_ROOT}/Manifest.lock\" > /dev/null\nif [ $? != 0 ] ; then\n    # print error to STDERR\n    echo \"error: The sandbox is not in sync with the Podfile.lock. Run 'pod install' or update your CocoaPods installation.\" >&2\n    exit 1\nfi\n# This output is used by Xcode 'outputs' to avoid re-running this script phase.\necho \"SUCCESS\" > \"${SCRIPT_OUTPUT_FILE_0}\"\n";
			showEnvVarsInLog = 0;
		};
		CBC2DDA5621F9D18CAB90767 /* [CP] Check Pods Manifest.lock */ = {
			isa = PBXShellScriptBuildPhase;
			buildActionMask = 2147483647;
			files = (
			);
			inputPaths = (
				"${PODS_PODFILE_DIR_PATH}/Podfile.lock",
				"${PODS_ROOT}/Manifest.lock",
			);
			name = "[CP] Check Pods Manifest.lock";
			outputPaths = (
				"$(DERIVED_FILE_DIR)/Pods-WimmeTests-checkManifestLockResult.txt",
			);
			runOnlyForDeploymentPostprocessing = 0;
			shellPath = /bin/sh;
			shellScript = "diff \"${PODS_PODFILE_DIR_PATH}/Podfile.lock\" \"${PODS_ROOT}/Manifest.lock\" > /dev/null\nif [ $? != 0 ] ; then\n    # print error to STDERR\n    echo \"error: The sandbox is not in sync with the Podfile.lock. Run 'pod install' or update your CocoaPods installation.\" >&2\n    exit 1\nfi\n# This output is used by Xcode 'outputs' to avoid re-running this script phase.\necho \"SUCCESS\" > \"${SCRIPT_OUTPUT_FILE_0}\"\n";
			showEnvVarsInLog = 0;
		};
		DC292FA928DBCF854A12A35E /* [CP] Copy Pods Resources */ = {
			isa = PBXShellScriptBuildPhase;
			buildActionMask = 2147483647;
			files = (
			);
			inputPaths = (
			);
			name = "[CP] Copy Pods Resources";
			outputPaths = (
			);
			runOnlyForDeploymentPostprocessing = 0;
			shellPath = /bin/sh;
			shellScript = "\"${SRCROOT}/Pods/Target Support Files/Pods-WimmeTests/Pods-WimmeTests-resources.sh\"\n";
			showEnvVarsInLog = 0;
		};
/* End PBXShellScriptBuildPhase section */

/* Begin PBXSourcesBuildPhase section */
		B8975D271FB6F70300FC25E6 /* Sources */ = {
			isa = PBXSourcesBuildPhase;
			buildActionMask = 2147483647;
			files = (
				55DAE8681FB714D00084DA7C /* RegisterDbInput.swift in Sources */,
				E237E9101FB76C3500E87E85 /* ProfileNC.swift in Sources */,
				E2CD78491FB75C1C0002BB78 /* TabBarView.swift in Sources */,
				E2CD783E1FB75BA20002BB78 /* LoginScreen.swift in Sources */,
				E237E90C1FB76BEC00E87E85 /* AddEventNC.swift in Sources */,
				E2CD783F1FB75BA20002BB78 /* AddEventVC.swift in Sources */,
				E2CD78421FB75BA20002BB78 /* MainScreenVC.swift in Sources */,
				E237E9121FB76C8100E87E85 /* SearchEventNC.swift in Sources */,
				E237E90A1FB76BCD00E87E85 /* SettingsNC.swift in Sources */,
				B8975D311FB6F70300FC25E6 /* ViewController.swift in Sources */,
				E2CD78411FB75BA20002BB78 /* RegisterVC.swift in Sources */,
				B8975D2F1FB6F70300FC25E6 /* AppDelegate.swift in Sources */,
				E2CD78431FB75BA20002BB78 /* ProfileScreenVC.swift in Sources */,
				E237E90E1FB76C0600E87E85 /* MainScreenNC.swift in Sources */,
				E2CD78401FB75BA20002BB78 /* SearchEventVC.swift in Sources */,
				E2CD78441FB75BA20002BB78 /* SettingsVC.swift in Sources */,
			);
			runOnlyForDeploymentPostprocessing = 0;
		};
		B8975D3B1FB6F70300FC25E6 /* Sources */ = {
			isa = PBXSourcesBuildPhase;
			buildActionMask = 2147483647;
			files = (
				B8975D441FB6F70300FC25E6 /* WimmeTests.swift in Sources */,
			);
			runOnlyForDeploymentPostprocessing = 0;
		};
		B8975D461FB6F70300FC25E6 /* Sources */ = {
			isa = PBXSourcesBuildPhase;
			buildActionMask = 2147483647;
			files = (
				B8975D4F1FB6F70300FC25E6 /* WimmeUITests.swift in Sources */,
			);
			runOnlyForDeploymentPostprocessing = 0;
		};
/* End PBXSourcesBuildPhase section */

/* Begin PBXTargetDependency section */
		B8975D411FB6F70300FC25E6 /* PBXTargetDependency */ = {
			isa = PBXTargetDependency;
			target = B8975D2A1FB6F70300FC25E6 /* Wimme */;
			targetProxy = B8975D401FB6F70300FC25E6 /* PBXContainerItemProxy */;
		};
		B8975D4C1FB6F70300FC25E6 /* PBXTargetDependency */ = {
			isa = PBXTargetDependency;
			target = B8975D2A1FB6F70300FC25E6 /* Wimme */;
			targetProxy = B8975D4B1FB6F70300FC25E6 /* PBXContainerItemProxy */;
		};
/* End PBXTargetDependency section */

/* Begin PBXVariantGroup section */
		B8975D371FB6F70300FC25E6 /* LaunchScreen.storyboard */ = {
			isa = PBXVariantGroup;
			children = (
				B8975D381FB6F70300FC25E6 /* Base */,
			);
			name = LaunchScreen.storyboard;
			sourceTree = "<group>";
		};
/* End PBXVariantGroup section */

/* Begin XCBuildConfiguration section */
		B8975D511FB6F70300FC25E6 /* Debug */ = {
			isa = XCBuildConfiguration;
			buildSettings = {
				ALWAYS_SEARCH_USER_PATHS = NO;
				CLANG_ANALYZER_NONNULL = YES;
				CLANG_ANALYZER_NUMBER_OBJECT_CONVERSION = YES_AGGRESSIVE;
				CLANG_CXX_LANGUAGE_STANDARD = "gnu++14";
				CLANG_CXX_LIBRARY = "libc++";
				CLANG_ENABLE_MODULES = YES;
				CLANG_ENABLE_OBJC_ARC = YES;
				CLANG_WARN_BLOCK_CAPTURE_AUTORELEASING = YES;
				CLANG_WARN_BOOL_CONVERSION = YES;
				CLANG_WARN_COMMA = YES;
				CLANG_WARN_CONSTANT_CONVERSION = YES;
				CLANG_WARN_DIRECT_OBJC_ISA_USAGE = YES_ERROR;
				CLANG_WARN_DOCUMENTATION_COMMENTS = YES;
				CLANG_WARN_EMPTY_BODY = YES;
				CLANG_WARN_ENUM_CONVERSION = YES;
				CLANG_WARN_INFINITE_RECURSION = YES;
				CLANG_WARN_INT_CONVERSION = YES;
				CLANG_WARN_NON_LITERAL_NULL_CONVERSION = YES;
				CLANG_WARN_OBJC_LITERAL_CONVERSION = YES;
				CLANG_WARN_OBJC_ROOT_CLASS = YES_ERROR;
				CLANG_WARN_RANGE_LOOP_ANALYSIS = YES;
				CLANG_WARN_STRICT_PROTOTYPES = YES;
				CLANG_WARN_SUSPICIOUS_MOVE = YES;
				CLANG_WARN_UNGUARDED_AVAILABILITY = YES_AGGRESSIVE;
				CLANG_WARN_UNREACHABLE_CODE = YES;
				CLANG_WARN__DUPLICATE_METHOD_MATCH = YES;
				CODE_SIGN_IDENTITY = "iPhone Developer";
				COPY_PHASE_STRIP = NO;
				DEBUG_INFORMATION_FORMAT = dwarf;
				ENABLE_STRICT_OBJC_MSGSEND = YES;
				ENABLE_TESTABILITY = YES;
				GCC_C_LANGUAGE_STANDARD = gnu11;
				GCC_DYNAMIC_NO_PIC = NO;
				GCC_NO_COMMON_BLOCKS = YES;
				GCC_OPTIMIZATION_LEVEL = 0;
				GCC_PREPROCESSOR_DEFINITIONS = (
					"DEBUG=1",
					"$(inherited)",
				);
				GCC_WARN_64_TO_32_BIT_CONVERSION = YES;
				GCC_WARN_ABOUT_RETURN_TYPE = YES_ERROR;
				GCC_WARN_UNDECLARED_SELECTOR = YES;
				GCC_WARN_UNINITIALIZED_AUTOS = YES_AGGRESSIVE;
				GCC_WARN_UNUSED_FUNCTION = YES;
				GCC_WARN_UNUSED_VARIABLE = YES;
				IPHONEOS_DEPLOYMENT_TARGET = 11.1;
				MTL_ENABLE_DEBUG_INFO = YES;
				ONLY_ACTIVE_ARCH = YES;
				SDKROOT = iphoneos;
				SWIFT_ACTIVE_COMPILATION_CONDITIONS = DEBUG;
				SWIFT_OPTIMIZATION_LEVEL = "-Onone";
			};
			name = Debug;
		};
		B8975D521FB6F70300FC25E6 /* Release */ = {
			isa = XCBuildConfiguration;
			buildSettings = {
				ALWAYS_SEARCH_USER_PATHS = NO;
				CLANG_ANALYZER_NONNULL = YES;
				CLANG_ANALYZER_NUMBER_OBJECT_CONVERSION = YES_AGGRESSIVE;
				CLANG_CXX_LANGUAGE_STANDARD = "gnu++14";
				CLANG_CXX_LIBRARY = "libc++";
				CLANG_ENABLE_MODULES = YES;
				CLANG_ENABLE_OBJC_ARC = YES;
				CLANG_WARN_BLOCK_CAPTURE_AUTORELEASING = YES;
				CLANG_WARN_BOOL_CONVERSION = YES;
				CLANG_WARN_COMMA = YES;
				CLANG_WARN_CONSTANT_CONVERSION = YES;
				CLANG_WARN_DIRECT_OBJC_ISA_USAGE = YES_ERROR;
				CLANG_WARN_DOCUMENTATION_COMMENTS = YES;
				CLANG_WARN_EMPTY_BODY = YES;
				CLANG_WARN_ENUM_CONVERSION = YES;
				CLANG_WARN_INFINITE_RECURSION = YES;
				CLANG_WARN_INT_CONVERSION = YES;
				CLANG_WARN_NON_LITERAL_NULL_CONVERSION = YES;
				CLANG_WARN_OBJC_LITERAL_CONVERSION = YES;
				CLANG_WARN_OBJC_ROOT_CLASS = YES_ERROR;
				CLANG_WARN_RANGE_LOOP_ANALYSIS = YES;
				CLANG_WARN_STRICT_PROTOTYPES = YES;
				CLANG_WARN_SUSPICIOUS_MOVE = YES;
				CLANG_WARN_UNGUARDED_AVAILABILITY = YES_AGGRESSIVE;
				CLANG_WARN_UNREACHABLE_CODE = YES;
				CLANG_WARN__DUPLICATE_METHOD_MATCH = YES;
				CODE_SIGN_IDENTITY = "iPhone Developer";
				COPY_PHASE_STRIP = NO;
				DEBUG_INFORMATION_FORMAT = "dwarf-with-dsym";
				ENABLE_NS_ASSERTIONS = NO;
				ENABLE_STRICT_OBJC_MSGSEND = YES;
				GCC_C_LANGUAGE_STANDARD = gnu11;
				GCC_NO_COMMON_BLOCKS = YES;
				GCC_WARN_64_TO_32_BIT_CONVERSION = YES;
				GCC_WARN_ABOUT_RETURN_TYPE = YES_ERROR;
				GCC_WARN_UNDECLARED_SELECTOR = YES;
				GCC_WARN_UNINITIALIZED_AUTOS = YES_AGGRESSIVE;
				GCC_WARN_UNUSED_FUNCTION = YES;
				GCC_WARN_UNUSED_VARIABLE = YES;
				IPHONEOS_DEPLOYMENT_TARGET = 11.1;
				MTL_ENABLE_DEBUG_INFO = NO;
				SDKROOT = iphoneos;
				SWIFT_OPTIMIZATION_LEVEL = "-Owholemodule";
				VALIDATE_PRODUCT = YES;
			};
			name = Release;
		};
		B8975D541FB6F70300FC25E6 /* Debug */ = {
			isa = XCBuildConfiguration;
			baseConfigurationReference = 41FCFEDE7652F2B7F0584A87 /* Pods-Wimme.debug.xcconfig */;
			buildSettings = {
				ASSETCATALOG_COMPILER_APPICON_NAME = AppIcon;
				"CODE_SIGN_IDENTITY[sdk=iphoneos*]" = "iPhone Developer";
				CODE_SIGN_STYLE = Automatic;
				DEVELOPMENT_TEAM = NGH34MU357;
				INFOPLIST_FILE = Wimme/Info.plist;
				LD_RUNPATH_SEARCH_PATHS = "$(inherited) @executable_path/Frameworks";
				PRODUCT_BUNDLE_IDENTIFIER = dudesApp.Wimme;
				PRODUCT_NAME = "$(TARGET_NAME)";
				PROVISIONING_PROFILE_SPECIFIER = "";
				SWIFT_VERSION = 4.0;
				TARGETED_DEVICE_FAMILY = "1,2";
			};
			name = Debug;
		};
		B8975D551FB6F70300FC25E6 /* Release */ = {
			isa = XCBuildConfiguration;
			baseConfigurationReference = 0E03D16110744BC1A45026D4 /* Pods-Wimme.release.xcconfig */;
			buildSettings = {
				ASSETCATALOG_COMPILER_APPICON_NAME = AppIcon;
				"CODE_SIGN_IDENTITY[sdk=iphoneos*]" = "iPhone Developer";
				CODE_SIGN_STYLE = Automatic;
				DEVELOPMENT_TEAM = NGH34MU357;
				INFOPLIST_FILE = Wimme/Info.plist;
				LD_RUNPATH_SEARCH_PATHS = "$(inherited) @executable_path/Frameworks";
				PRODUCT_BUNDLE_IDENTIFIER = dudesApp.Wimme;
				PRODUCT_NAME = "$(TARGET_NAME)";
				PROVISIONING_PROFILE_SPECIFIER = "";
				SWIFT_VERSION = 4.0;
				TARGETED_DEVICE_FAMILY = "1,2";
			};
			name = Release;
		};
		B8975D571FB6F70300FC25E6 /* Debug */ = {
			isa = XCBuildConfiguration;
			baseConfigurationReference = B11A45E0EE7666498B5D12F1 /* Pods-WimmeTests.debug.xcconfig */;
			buildSettings = {
				ALWAYS_EMBED_SWIFT_STANDARD_LIBRARIES = YES;
				BUNDLE_LOADER = "$(TEST_HOST)";
				CODE_SIGN_STYLE = Automatic;
				INFOPLIST_FILE = WimmeTests/Info.plist;
				LD_RUNPATH_SEARCH_PATHS = "$(inherited) @executable_path/Frameworks @loader_path/Frameworks";
				PRODUCT_BUNDLE_IDENTIFIER = dudesApp.WimmeTests;
				PRODUCT_NAME = "$(TARGET_NAME)";
				SWIFT_VERSION = 4.0;
				TARGETED_DEVICE_FAMILY = "1,2";
				TEST_HOST = "$(BUILT_PRODUCTS_DIR)/Wimme.app/Wimme";
			};
			name = Debug;
		};
		B8975D581FB6F70300FC25E6 /* Release */ = {
			isa = XCBuildConfiguration;
			baseConfigurationReference = E87237D80259645A0542D0DA /* Pods-WimmeTests.release.xcconfig */;
			buildSettings = {
				ALWAYS_EMBED_SWIFT_STANDARD_LIBRARIES = YES;
				BUNDLE_LOADER = "$(TEST_HOST)";
				CODE_SIGN_STYLE = Automatic;
				INFOPLIST_FILE = WimmeTests/Info.plist;
				LD_RUNPATH_SEARCH_PATHS = "$(inherited) @executable_path/Frameworks @loader_path/Frameworks";
				PRODUCT_BUNDLE_IDENTIFIER = dudesApp.WimmeTests;
				PRODUCT_NAME = "$(TARGET_NAME)";
				SWIFT_VERSION = 4.0;
				TARGETED_DEVICE_FAMILY = "1,2";
				TEST_HOST = "$(BUILT_PRODUCTS_DIR)/Wimme.app/Wimme";
			};
			name = Release;
		};
		B8975D5A1FB6F70300FC25E6 /* Debug */ = {
			isa = XCBuildConfiguration;
			baseConfigurationReference = 47CB30C25CD022C76E126376 /* Pods-WimmeUITests.debug.xcconfig */;
			buildSettings = {
				ALWAYS_EMBED_SWIFT_STANDARD_LIBRARIES = YES;
				CODE_SIGN_STYLE = Automatic;
				INFOPLIST_FILE = WimmeUITests/Info.plist;
				LD_RUNPATH_SEARCH_PATHS = "$(inherited) @executable_path/Frameworks @loader_path/Frameworks";
				PRODUCT_BUNDLE_IDENTIFIER = dudesApp.WimmeUITests;
				PRODUCT_NAME = "$(TARGET_NAME)";
				SWIFT_VERSION = 4.0;
				TARGETED_DEVICE_FAMILY = "1,2";
				TEST_TARGET_NAME = Wimme;
			};
			name = Debug;
		};
		B8975D5B1FB6F70300FC25E6 /* Release */ = {
			isa = XCBuildConfiguration;
			baseConfigurationReference = 03C452058C9155535B5A3537 /* Pods-WimmeUITests.release.xcconfig */;
			buildSettings = {
				ALWAYS_EMBED_SWIFT_STANDARD_LIBRARIES = YES;
				CODE_SIGN_STYLE = Automatic;
				INFOPLIST_FILE = WimmeUITests/Info.plist;
				LD_RUNPATH_SEARCH_PATHS = "$(inherited) @executable_path/Frameworks @loader_path/Frameworks";
				PRODUCT_BUNDLE_IDENTIFIER = dudesApp.WimmeUITests;
				PRODUCT_NAME = "$(TARGET_NAME)";
				SWIFT_VERSION = 4.0;
				TARGETED_DEVICE_FAMILY = "1,2";
				TEST_TARGET_NAME = Wimme;
			};
			name = Release;
		};
/* End XCBuildConfiguration section */

/* Begin XCConfigurationList section */
		B8975D261FB6F70200FC25E6 /* Build configuration list for PBXProject "Wimme" */ = {
			isa = XCConfigurationList;
			buildConfigurations = (
				B8975D511FB6F70300FC25E6 /* Debug */,
				B8975D521FB6F70300FC25E6 /* Release */,
			);
			defaultConfigurationIsVisible = 0;
			defaultConfigurationName = Release;
		};
		B8975D531FB6F70300FC25E6 /* Build configuration list for PBXNativeTarget "Wimme" */ = {
			isa = XCConfigurationList;
			buildConfigurations = (
				B8975D541FB6F70300FC25E6 /* Debug */,
				B8975D551FB6F70300FC25E6 /* Release */,
			);
			defaultConfigurationIsVisible = 0;
			defaultConfigurationName = Release;
		};
		B8975D561FB6F70300FC25E6 /* Build configuration list for PBXNativeTarget "WimmeTests" */ = {
			isa = XCConfigurationList;
			buildConfigurations = (
				B8975D571FB6F70300FC25E6 /* Debug */,
				B8975D581FB6F70300FC25E6 /* Release */,
			);
			defaultConfigurationIsVisible = 0;
			defaultConfigurationName = Release;
		};
		B8975D591FB6F70300FC25E6 /* Build configuration list for PBXNativeTarget "WimmeUITests" */ = {
			isa = XCConfigurationList;
			buildConfigurations = (
				B8975D5A1FB6F70300FC25E6 /* Debug */,
				B8975D5B1FB6F70300FC25E6 /* Release */,
			);
			defaultConfigurationIsVisible = 0;
			defaultConfigurationName = Release;
		};
/* End XCConfigurationList section */
	};
	rootObject = B8975D231FB6F70200FC25E6 /* Project object */;
}
